// !$*UTF8*$!
{
	archiveVersion = 1;
	classes = {
	};
	objectVersion = 56;
	objects = {

/* Begin PBXBuildFile section */
		DB6863A42C81339800E1F726 /* AppDelegate.swift in Sources */ = {isa = PBXBuildFile; fileRef = DB6863A32C81339800E1F726 /* AppDelegate.swift */; };
		DB6863A62C81339800E1F726 /* SceneDelegate.swift in Sources */ = {isa = PBXBuildFile; fileRef = DB6863A52C81339800E1F726 /* SceneDelegate.swift */; };
		DB6863A82C81339800E1F726 /* TodoListViewController.swift in Sources */ = {isa = PBXBuildFile; fileRef = DB6863A72C81339800E1F726 /* TodoListViewController.swift */; };
		DB6863AE2C81339800E1F726 /* ToDoApp.xcdatamodeld in Sources */ = {isa = PBXBuildFile; fileRef = DB6863AC2C81339800E1F726 /* ToDoApp.xcdatamodeld */; };
		DB6863B02C81339A00E1F726 /* Assets.xcassets in Resources */ = {isa = PBXBuildFile; fileRef = DB6863AF2C81339A00E1F726 /* Assets.xcassets */; };
		DB6863B32C81339A00E1F726 /* Base in Resources */ = {isa = PBXBuildFile; fileRef = DB6863B22C81339A00E1F726 /* Base */; };
		DB6863DE2C813CE500E1F726 /* TodoViewModel.swift in Sources */ = {isa = PBXBuildFile; fileRef = DB6863DD2C813CE500E1F726 /* TodoViewModel.swift */; };
		DB6863E02C8162E100E1F726 /* CoreDataManager.swift in Sources */ = {isa = PBXBuildFile; fileRef = DB6863DF2C8162E100E1F726 /* CoreDataManager.swift */; };
		DB6863E52C8191AD00E1F726 /* TodoCell.swift in Sources */ = {isa = PBXBuildFile; fileRef = DB6863E42C8191AD00E1F726 /* TodoCell.swift */; };
		DB6863E72C81ACF700E1F726 /* AddTodoViewController.swift in Sources */ = {isa = PBXBuildFile; fileRef = DB6863E62C81ACF700E1F726 /* AddTodoViewController.swift */; };
/* End PBXBuildFile section */

/* Begin PBXContainerItemProxy section */
		DB6863BA2C81339B00E1F726 /* PBXContainerItemProxy */ = {
			isa = PBXContainerItemProxy;
			containerPortal = DB6863982C81339800E1F726 /* Project object */;
			proxyType = 1;
			remoteGlobalIDString = DB68639F2C81339800E1F726;
			remoteInfo = ToDoApp;
		};
		DB6863C42C81339B00E1F726 /* PBXContainerItemProxy */ = {
			isa = PBXContainerItemProxy;
			containerPortal = DB6863982C81339800E1F726 /* Project object */;
			proxyType = 1;
			remoteGlobalIDString = DB68639F2C81339800E1F726;
			remoteInfo = ToDoApp;
		};
/* End PBXContainerItemProxy section */

/* Begin PBXFileReference section */
		DB6863A02C81339800E1F726 /* ToDoApp.app */ = {isa = PBXFileReference; explicitFileType = wrapper.application; includeInIndex = 0; path = ToDoApp.app; sourceTree = BUILT_PRODUCTS_DIR; };
		DB6863A32C81339800E1F726 /* AppDelegate.swift */ = {isa = PBXFileReference; lastKnownFileType = sourcecode.swift; path = AppDelegate.swift; sourceTree = "<group>"; };
		DB6863A52C81339800E1F726 /* SceneDelegate.swift */ = {isa = PBXFileReference; lastKnownFileType = sourcecode.swift; path = SceneDelegate.swift; sourceTree = "<group>"; };
		DB6863A72C81339800E1F726 /* TodoListViewController.swift */ = {isa = PBXFileReference; lastKnownFileType = sourcecode.swift; path = TodoListViewController.swift; sourceTree = "<group>"; };
		DB6863AD2C81339800E1F726 /* ToDoApp.xcdatamodel */ = {isa = PBXFileReference; lastKnownFileType = wrapper.xcdatamodel; path = ToDoApp.xcdatamodel; sourceTree = "<group>"; };
		DB6863AF2C81339A00E1F726 /* Assets.xcassets */ = {isa = PBXFileReference; lastKnownFileType = folder.assetcatalog; path = Assets.xcassets; sourceTree = "<group>"; };
		DB6863B22C81339A00E1F726 /* Base */ = {isa = PBXFileReference; lastKnownFileType = file.storyboard; name = Base; path = Base.lproj/LaunchScreen.storyboard; sourceTree = "<group>"; };
		DB6863B42C81339A00E1F726 /* Info.plist */ = {isa = PBXFileReference; lastKnownFileType = text.plist.xml; path = Info.plist; sourceTree = "<group>"; };
		DB6863B92C81339B00E1F726 /* ToDoAppTests.xctest */ = {isa = PBXFileReference; explicitFileType = wrapper.cfbundle; includeInIndex = 0; path = ToDoAppTests.xctest; sourceTree = BUILT_PRODUCTS_DIR; };
		DB6863C32C81339B00E1F726 /* ToDoAppUITests.xctest */ = {isa = PBXFileReference; explicitFileType = wrapper.cfbundle; includeInIndex = 0; path = ToDoAppUITests.xctest; sourceTree = BUILT_PRODUCTS_DIR; };
		DB6863DD2C813CE500E1F726 /* TodoViewModel.swift */ = {isa = PBXFileReference; lastKnownFileType = sourcecode.swift; path = TodoViewModel.swift; sourceTree = "<group>"; };
		DB6863DF2C8162E100E1F726 /* CoreDataManager.swift */ = {isa = PBXFileReference; lastKnownFileType = sourcecode.swift; path = CoreDataManager.swift; sourceTree = "<group>"; };
		DB6863E42C8191AD00E1F726 /* TodoCell.swift */ = {isa = PBXFileReference; lastKnownFileType = sourcecode.swift; path = TodoCell.swift; sourceTree = "<group>"; };
		DB6863E62C81ACF700E1F726 /* AddTodoViewController.swift */ = {isa = PBXFileReference; lastKnownFileType = sourcecode.swift; path = AddTodoViewController.swift; sourceTree = "<group>"; };
/* End PBXFileReference section */

/* Begin PBXFrameworksBuildPhase section */
		DB68639D2C81339800E1F726 /* Frameworks */ = {
			isa = PBXFrameworksBuildPhase;
			buildActionMask = 2147483647;
			files = (
			);
			runOnlyForDeploymentPostprocessing = 0;
		};
		DB6863B62C81339B00E1F726 /* Frameworks */ = {
			isa = PBXFrameworksBuildPhase;
			buildActionMask = 2147483647;
			files = (
			);
			runOnlyForDeploymentPostprocessing = 0;
		};
		DB6863C02C81339B00E1F726 /* Frameworks */ = {
			isa = PBXFrameworksBuildPhase;
			buildActionMask = 2147483647;
			files = (
			);
			runOnlyForDeploymentPostprocessing = 0;
		};
/* End PBXFrameworksBuildPhase section */

/* Begin PBXGroup section */
		DB6863972C81339800E1F726 = {
			isa = PBXGroup;
			children = (
				DB6863A22C81339800E1F726 /* ToDoApp */,
				DB6863A12C81339800E1F726 /* Products */,
			);
			sourceTree = "<group>";
		};
		DB6863A12C81339800E1F726 /* Products */ = {
			isa = PBXGroup;
			children = (
				DB6863A02C81339800E1F726 /* ToDoApp.app */,
				DB6863B92C81339B00E1F726 /* ToDoAppTests.xctest */,
				DB6863C32C81339B00E1F726 /* ToDoAppUITests.xctest */,
			);
			name = Products;
			sourceTree = "<group>";
		};
		DB6863A22C81339800E1F726 /* ToDoApp */ = {
			isa = PBXGroup;
			children = (
				DB6863DC2C81394600E1F726 /* ViewController */,
				DB6863D92C8138A300E1F726 /* View */,
				DB6863D82C81389F00E1F726 /* ViewModel */,
				DB6863D72C81389C00E1F726 /* CoreData */,
				DB6863D62C81389800E1F726 /* Default */,
			);
			path = ToDoApp;
			sourceTree = "<group>";
		};
		DB6863D62C81389800E1F726 /* Default */ = {
			isa = PBXGroup;
			children = (
				DB6863A32C81339800E1F726 /* AppDelegate.swift */,
				DB6863A52C81339800E1F726 /* SceneDelegate.swift */,
				DB6863AF2C81339A00E1F726 /* Assets.xcassets */,
				DB6863B12C81339A00E1F726 /* LaunchScreen.storyboard */,
				DB6863B42C81339A00E1F726 /* Info.plist */,
			);
			path = Default;
			sourceTree = "<group>";
		};
		DB6863D72C81389C00E1F726 /* CoreData */ = {
			isa = PBXGroup;
			children = (
				DB6863AC2C81339800E1F726 /* ToDoApp.xcdatamodeld */,
				DB6863DF2C8162E100E1F726 /* CoreDataManager.swift */,
			);
			path = CoreData;
			sourceTree = "<group>";
		};
		DB6863D82C81389F00E1F726 /* ViewModel */ = {
			isa = PBXGroup;
			children = (
				DB6863DD2C813CE500E1F726 /* TodoViewModel.swift */,
			);
			path = ViewModel;
			sourceTree = "<group>";
		};
		DB6863D92C8138A300E1F726 /* View */ = {
			isa = PBXGroup;
			children = (
				DB6863E42C8191AD00E1F726 /* TodoCell.swift */,
			);
			path = View;
			sourceTree = "<group>";
		};
		DB6863DC2C81394600E1F726 /* ViewController */ = {
			isa = PBXGroup;
			children = (
				DB6863A72C81339800E1F726 /* TodoListViewController.swift */,
				DB6863E62C81ACF700E1F726 /* AddTodoViewController.swift */,
			);
			path = ViewController;
			sourceTree = "<group>";
		};
/* End PBXGroup section */

/* Begin PBXNativeTarget section */
		DB68639F2C81339800E1F726 /* ToDoApp */ = {
			isa = PBXNativeTarget;
			buildConfigurationList = DB6863CD2C81339B00E1F726 /* Build configuration list for PBXNativeTarget "ToDoApp" */;
			buildPhases = (
				DB68639C2C81339800E1F726 /* Sources */,
				DB68639D2C81339800E1F726 /* Frameworks */,
				DB68639E2C81339800E1F726 /* Resources */,
			);
			buildRules = (
			);
			dependencies = (
			);
			name = ToDoApp;
			productName = ToDoApp;
			productReference = DB6863A02C81339800E1F726 /* ToDoApp.app */;
			productType = "com.apple.product-type.application";
		};
		DB6863B82C81339B00E1F726 /* ToDoAppTests */ = {
			isa = PBXNativeTarget;
			buildConfigurationList = DB6863D02C81339B00E1F726 /* Build configuration list for PBXNativeTarget "ToDoAppTests" */;
			buildPhases = (
				DB6863B52C81339B00E1F726 /* Sources */,
				DB6863B62C81339B00E1F726 /* Frameworks */,
				DB6863B72C81339B00E1F726 /* Resources */,
			);
			buildRules = (
			);
			dependencies = (
				DB6863BB2C81339B00E1F726 /* PBXTargetDependency */,
			);
			name = ToDoAppTests;
			productName = ToDoAppTests;
			productReference = DB6863B92C81339B00E1F726 /* ToDoAppTests.xctest */;
			productType = "com.apple.product-type.bundle.unit-test";
		};
		DB6863C22C81339B00E1F726 /* ToDoAppUITests */ = {
			isa = PBXNativeTarget;
			buildConfigurationList = DB6863D32C81339B00E1F726 /* Build configuration list for PBXNativeTarget "ToDoAppUITests" */;
			buildPhases = (
				DB6863BF2C81339B00E1F726 /* Sources */,
				DB6863C02C81339B00E1F726 /* Frameworks */,
				DB6863C12C81339B00E1F726 /* Resources */,
			);
			buildRules = (
			);
			dependencies = (
				DB6863C52C81339B00E1F726 /* PBXTargetDependency */,
			);
			name = ToDoAppUITests;
			productName = ToDoAppUITests;
			productReference = DB6863C32C81339B00E1F726 /* ToDoAppUITests.xctest */;
			productType = "com.apple.product-type.bundle.ui-testing";
		};
/* End PBXNativeTarget section */

/* Begin PBXProject section */
		DB6863982C81339800E1F726 /* Project object */ = {
			isa = PBXProject;
			attributes = {
				BuildIndependentTargetsInParallel = 1;
				LastSwiftUpdateCheck = 1540;
				LastUpgradeCheck = 1540;
				TargetAttributes = {
					DB68639F2C81339800E1F726 = {
						CreatedOnToolsVersion = 15.4;
					};
					DB6863B82C81339B00E1F726 = {
						CreatedOnToolsVersion = 15.4;
						TestTargetID = DB68639F2C81339800E1F726;
					};
					DB6863C22C81339B00E1F726 = {
						CreatedOnToolsVersion = 15.4;
						TestTargetID = DB68639F2C81339800E1F726;
					};
				};
			};
			buildConfigurationList = DB68639B2C81339800E1F726 /* Build configuration list for PBXProject "ToDoApp" */;
			compatibilityVersion = "Xcode 14.0";
			developmentRegion = en;
			hasScannedForEncodings = 0;
			knownRegions = (
				en,
				Base,
			);
			mainGroup = DB6863972C81339800E1F726;
			productRefGroup = DB6863A12C81339800E1F726 /* Products */;
			projectDirPath = "";
			projectRoot = "";
			targets = (
				DB68639F2C81339800E1F726 /* ToDoApp */,
				DB6863B82C81339B00E1F726 /* ToDoAppTests */,
				DB6863C22C81339B00E1F726 /* ToDoAppUITests */,
			);
		};
/* End PBXProject section */

/* Begin PBXResourcesBuildPhase section */
		DB68639E2C81339800E1F726 /* Resources */ = {
			isa = PBXResourcesBuildPhase;
			buildActionMask = 2147483647;
			files = (
				DB6863B02C81339A00E1F726 /* Assets.xcassets in Resources */,
				DB6863B32C81339A00E1F726 /* Base in Resources */,
			);
			runOnlyForDeploymentPostprocessing = 0;
		};
		DB6863B72C81339B00E1F726 /* Resources */ = {
			isa = PBXResourcesBuildPhase;
			buildActionMask = 2147483647;
			files = (
			);
			runOnlyForDeploymentPostprocessing = 0;
		};
		DB6863C12C81339B00E1F726 /* Resources */ = {
			isa = PBXResourcesBuildPhase;
			buildActionMask = 2147483647;
			files = (
			);
			runOnlyForDeploymentPostprocessing = 0;
		};
/* End PBXResourcesBuildPhase section */

/* Begin PBXSourcesBuildPhase section */
		DB68639C2C81339800E1F726 /* Sources */ = {
			isa = PBXSourcesBuildPhase;
			buildActionMask = 2147483647;
			files = (
				DB6863E02C8162E100E1F726 /* CoreDataManager.swift in Sources */,
				DB6863DE2C813CE500E1F726 /* TodoViewModel.swift in Sources */,
				DB6863A82C81339800E1F726 /* TodoListViewController.swift in Sources */,
				DB6863E72C81ACF700E1F726 /* AddTodoViewController.swift in Sources */,
				DB6863A42C81339800E1F726 /* AppDelegate.swift in Sources */,
				DB6863A62C81339800E1F726 /* SceneDelegate.swift in Sources */,
				DB6863AE2C81339800E1F726 /* ToDoApp.xcdatamodeld in Sources */,
				DB6863E52C8191AD00E1F726 /* TodoCell.swift in Sources */,
			);
			runOnlyForDeploymentPostprocessing = 0;
		};
		DB6863B52C81339B00E1F726 /* Sources */ = {
			isa = PBXSourcesBuildPhase;
			buildActionMask = 2147483647;
			files = (
			);
			runOnlyForDeploymentPostprocessing = 0;
		};
		DB6863BF2C81339B00E1F726 /* Sources */ = {
			isa = PBXSourcesBuildPhase;
			buildActionMask = 2147483647;
			files = (
			);
			runOnlyForDeploymentPostprocessing = 0;
		};
/* End PBXSourcesBuildPhase section */

/* Begin PBXTargetDependency section */
		DB6863BB2C81339B00E1F726 /* PBXTargetDependency */ = {
			isa = PBXTargetDependency;
			target = DB68639F2C81339800E1F726 /* ToDoApp */;
			targetProxy = DB6863BA2C81339B00E1F726 /* PBXContainerItemProxy */;
		};
		DB6863C52C81339B00E1F726 /* PBXTargetDependency */ = {
			isa = PBXTargetDependency;
			target = DB68639F2C81339800E1F726 /* ToDoApp */;
			targetProxy = DB6863C42C81339B00E1F726 /* PBXContainerItemProxy */;
		};
/* End PBXTargetDependency section */

/* Begin PBXVariantGroup section */
		DB6863B12C81339A00E1F726 /* LaunchScreen.storyboard */ = {
			isa = PBXVariantGroup;
			children = (
				DB6863B22C81339A00E1F726 /* Base */,
			);
			name = LaunchScreen.storyboard;
			sourceTree = "<group>";
		};
/* End PBXVariantGroup section */

/* Begin XCBuildConfiguration section */
		DB6863CB2C81339B00E1F726 /* Debug */ = {
			isa = XCBuildConfiguration;
			buildSettings = {
				ALWAYS_SEARCH_USER_PATHS = NO;
				ASSETCATALOG_COMPILER_GENERATE_SWIFT_ASSET_SYMBOL_EXTENSIONS = YES;
				CLANG_ANALYZER_NONNULL = YES;
				CLANG_ANALYZER_NUMBER_OBJECT_CONVERSION = YES_AGGRESSIVE;
				CLANG_CXX_LANGUAGE_STANDARD = "gnu++20";
				CLANG_ENABLE_MODULES = YES;
				CLANG_ENABLE_OBJC_ARC = YES;
				CLANG_ENABLE_OBJC_WEAK = YES;
				CLANG_WARN_BLOCK_CAPTURE_AUTORELEASING = YES;
				CLANG_WARN_BOOL_CONVERSION = YES;
				CLANG_WARN_COMMA = YES;
				CLANG_WARN_CONSTANT_CONVERSION = YES;
				CLANG_WARN_DEPRECATED_OBJC_IMPLEMENTATIONS = YES;
				CLANG_WARN_DIRECT_OBJC_ISA_USAGE = YES_ERROR;
				CLANG_WARN_DOCUMENTATION_COMMENTS = YES;
				CLANG_WARN_EMPTY_BODY = YES;
				CLANG_WARN_ENUM_CONVERSION = YES;
				CLANG_WARN_INFINITE_RECURSION = YES;
				CLANG_WARN_INT_CONVERSION = YES;
				CLANG_WARN_NON_LITERAL_NULL_CONVERSION = YES;
				CLANG_WARN_OBJC_IMPLICIT_RETAIN_SELF = YES;
				CLANG_WARN_OBJC_LITERAL_CONVERSION = YES;
				CLANG_WARN_OBJC_ROOT_CLASS = YES_ERROR;
				CLANG_WARN_QUOTED_INCLUDE_IN_FRAMEWORK_HEADER = YES;
				CLANG_WARN_RANGE_LOOP_ANALYSIS = YES;
				CLANG_WARN_STRICT_PROTOTYPES = YES;
				CLANG_WARN_SUSPICIOUS_MOVE = YES;
				CLANG_WARN_UNGUARDED_AVAILABILITY = YES_AGGRESSIVE;
				CLANG_WARN_UNREACHABLE_CODE = YES;
				CLANG_WARN__DUPLICATE_METHOD_MATCH = YES;
				COPY_PHASE_STRIP = NO;
				DEBUG_INFORMATION_FORMAT = dwarf;
				ENABLE_STRICT_OBJC_MSGSEND = YES;
				ENABLE_TESTABILITY = YES;
				ENABLE_USER_SCRIPT_SANDBOXING = YES;
				GCC_C_LANGUAGE_STANDARD = gnu17;
				GCC_DYNAMIC_NO_PIC = NO;
				GCC_NO_COMMON_BLOCKS = YES;
				GCC_OPTIMIZATION_LEVEL = 0;
				GCC_PREPROCESSOR_DEFINITIONS = (
					"DEBUG=1",
					"$(inherited)",
				);
				GCC_WARN_64_TO_32_BIT_CONVERSION = YES;
				GCC_WARN_ABOUT_RETURN_TYPE = YES_ERROR;
				GCC_WARN_UNDECLARED_SELECTOR = YES;
				GCC_WARN_UNINITIALIZED_AUTOS = YES_AGGRESSIVE;
				GCC_WARN_UNUSED_FUNCTION = YES;
				GCC_WARN_UNUSED_VARIABLE = YES;
				IPHONEOS_DEPLOYMENT_TARGET = 17.5;
				LOCALIZATION_PREFERS_STRING_CATALOGS = YES;
				MTL_ENABLE_DEBUG_INFO = INCLUDE_SOURCE;
				MTL_FAST_MATH = YES;
				ONLY_ACTIVE_ARCH = YES;
				SDKROOT = iphoneos;
				SWIFT_ACTIVE_COMPILATION_CONDITIONS = "DEBUG $(inherited)";
				SWIFT_OPTIMIZATION_LEVEL = "-Onone";
			};
			name = Debug;
		};
		DB6863CC2C81339B00E1F726 /* Release */ = {
			isa = XCBuildConfiguration;
			buildSettings = {
				ALWAYS_SEARCH_USER_PATHS = NO;
				ASSETCATALOG_COMPILER_GENERATE_SWIFT_ASSET_SYMBOL_EXTENSIONS = YES;
				CLANG_ANALYZER_NONNULL = YES;
				CLANG_ANALYZER_NUMBER_OBJECT_CONVERSION = YES_AGGRESSIVE;
				CLANG_CXX_LANGUAGE_STANDARD = "gnu++20";
				CLANG_ENABLE_MODULES = YES;
				CLANG_ENABLE_OBJC_ARC = YES;
				CLANG_ENABLE_OBJC_WEAK = YES;
				CLANG_WARN_BLOCK_CAPTURE_AUTORELEASING = YES;
				CLANG_WARN_BOOL_CONVERSION = YES;
				CLANG_WARN_COMMA = YES;
				CLANG_WARN_CONSTANT_CONVERSION = YES;
				CLANG_WARN_DEPRECATED_OBJC_IMPLEMENTATIONS = YES;
				CLANG_WARN_DIRECT_OBJC_ISA_USAGE = YES_ERROR;
				CLANG_WARN_DOCUMENTATION_COMMENTS = YES;
				CLANG_WARN_EMPTY_BODY = YES;
				CLANG_WARN_ENUM_CONVERSION = YES;
				CLANG_WARN_INFINITE_RECURSION = YES;
				CLANG_WARN_INT_CONVERSION = YES;
				CLANG_WARN_NON_LITERAL_NULL_CONVERSION = YES;
				CLANG_WARN_OBJC_IMPLICIT_RETAIN_SELF = YES;
				CLANG_WARN_OBJC_LITERAL_CONVERSION = YES;
				CLANG_WARN_OBJC_ROOT_CLASS = YES_ERROR;
				CLANG_WARN_QUOTED_INCLUDE_IN_FRAMEWORK_HEADER = YES;
				CLANG_WARN_RANGE_LOOP_ANALYSIS = YES;
				CLANG_WARN_STRICT_PROTOTYPES = YES;
				CLANG_WARN_SUSPICIOUS_MOVE = YES;
				CLANG_WARN_UNGUARDED_AVAILABILITY = YES_AGGRESSIVE;
				CLANG_WARN_UNREACHABLE_CODE = YES;
				CLANG_WARN__DUPLICATE_METHOD_MATCH = YES;
				COPY_PHASE_STRIP = NO;
				DEBUG_INFORMATION_FORMAT = "dwarf-with-dsym";
				ENABLE_NS_ASSERTIONS = NO;
				ENABLE_STRICT_OBJC_MSGSEND = YES;
				ENABLE_USER_SCRIPT_SANDBOXING = YES;
				GCC_C_LANGUAGE_STANDARD = gnu17;
				GCC_NO_COMMON_BLOCKS = YES;
				GCC_WARN_64_TO_32_BIT_CONVERSION = YES;
				GCC_WARN_ABOUT_RETURN_TYPE = YES_ERROR;
				GCC_WARN_UNDECLARED_SELECTOR = YES;
				GCC_WARN_UNINITIALIZED_AUTOS = YES_AGGRESSIVE;
				GCC_WARN_UNUSED_FUNCTION = YES;
				GCC_WARN_UNUSED_VARIABLE = YES;
				IPHONEOS_DEPLOYMENT_TARGET = 17.5;
				LOCALIZATION_PREFERS_STRING_CATALOGS = YES;
				MTL_ENABLE_DEBUG_INFO = NO;
				MTL_FAST_MATH = YES;
				SDKROOT = iphoneos;
				SWIFT_COMPILATION_MODE = wholemodule;
				VALIDATE_PRODUCT = YES;
			};
			name = Release;
		};
		DB6863CE2C81339B00E1F726 /* Debug */ = {
			isa = XCBuildConfiguration;
			buildSettings = {
				ASSETCATALOG_COMPILER_APPICON_NAME = AppIcon;
				ASSETCATALOG_COMPILER_GLOBAL_ACCENT_COLOR_NAME = AccentColor;
				CODE_SIGN_STYLE = Automatic;
				CURRENT_PROJECT_VERSION = 1;
				DEVELOPMENT_TEAM = F4T4372M48;
				GENERATE_INFOPLIST_FILE = YES;
				INFOPLIST_FILE = ToDoApp/Default/Info.plist;
				INFOPLIST_KEY_UIApplicationSupportsIndirectInputEvents = YES;
				INFOPLIST_KEY_UILaunchStoryboardName = LaunchScreen;
				INFOPLIST_KEY_UISupportedInterfaceOrientations = "UIInterfaceOrientationLandscapeLeft UIInterfaceOrientationLandscapeRight UIInterfaceOrientationPortrait";
				INFOPLIST_KEY_UISupportedInterfaceOrientations_iPad = UIInterfaceOrientationLandscapeRight;
				LD_RUNPATH_SEARCH_PATHS = (
					"$(inherited)",
					"@executable_path/Frameworks",
				);
				MARKETING_VERSION = 1.0;
				PRODUCT_BUNDLE_IDENTIFIER = com.shashank.ToDoApp;
				PRODUCT_NAME = "$(TARGET_NAME)";
				SUPPORTED_PLATFORMS = "iphoneos iphonesimulator";
				SUPPORTS_MACCATALYST = NO;
				SUPPORTS_MAC_DESIGNED_FOR_IPHONE_IPAD = NO;
				SUPPORTS_XR_DESIGNED_FOR_IPHONE_IPAD = NO;
				SWIFT_EMIT_LOC_STRINGS = YES;
				SWIFT_VERSION = 5.0;
				TARGETED_DEVICE_FAMILY = 1;
			};
			name = Debug;
		};
		DB6863CF2C81339B00E1F726 /* Release */ = {
			isa = XCBuildConfiguration;
			buildSettings = {
				ASSETCATALOG_COMPILER_APPICON_NAME = AppIcon;
				ASSETCATALOG_COMPILER_GLOBAL_ACCENT_COLOR_NAME = AccentColor;
				CODE_SIGN_STYLE = Automatic;
				CURRENT_PROJECT_VERSION = 1;
				DEVELOPMENT_TEAM = F4T4372M48;
				GENERATE_INFOPLIST_FILE = YES;
				INFOPLIST_FILE = ToDoApp/Default/Info.plist;
				INFOPLIST_KEY_UIApplicationSupportsIndirectInputEvents = YES;
				INFOPLIST_KEY_UILaunchStoryboardName = LaunchScreen;
				INFOPLIST_KEY_UISupportedInterfaceOrientations = "UIInterfaceOrientationLandscapeLeft UIInterfaceOrientationLandscapeRight UIInterfaceOrientationPortrait";
				INFOPLIST_KEY_UISupportedInterfaceOrientations_iPad = UIInterfaceOrientationLandscapeRight;
				LD_RUNPATH_SEARCH_PATHS = (
					"$(inherited)",
					"@executable_path/Frameworks",
				);
				MARKETING_VERSION = 1.0;
				PRODUCT_BUNDLE_IDENTIFIER = com.shashank.ToDoApp;
				PRODUCT_NAME = "$(TARGET_NAME)";
				SUPPORTED_PLATFORMS = "iphoneos iphonesimulator";
				SUPPORTS_MACCATALYST = NO;
				SUPPORTS_MAC_DESIGNED_FOR_IPHONE_IPAD = NO;
				SUPPORTS_XR_DESIGNED_FOR_IPHONE_IPAD = NO;
				SWIFT_EMIT_LOC_STRINGS = YES;
				SWIFT_VERSION = 5.0;
				TARGETED_DEVICE_FAMILY = 1;
			};
			name = Release;
		};
		DB6863D12C81339B00E1F726 /* Debug */ = {
			isa = XCBuildConfiguration;
			buildSettings = {
				ALWAYS_EMBED_SWIFT_STANDARD_LIBRARIES = YES;
				BUNDLE_LOADER = "$(TEST_HOST)";
				CODE_SIGN_STYLE = Automatic;
				CURRENT_PROJECT_VERSION = 1;
				DEVELOPMENT_TEAM = F4T4372M48;
				GENERATE_INFOPLIST_FILE = YES;
				IPHONEOS_DEPLOYMENT_TARGET = 17.5;
				MARKETING_VERSION = 1.0;
				PRODUCT_BUNDLE_IDENTIFIER = com.shashank.ToDoAppTests;
				PRODUCT_NAME = "$(TARGET_NAME)";
				SWIFT_EMIT_LOC_STRINGS = NO;
				SWIFT_VERSION = 5.0;
				TARGETED_DEVICE_FAMILY = "1,2";
				TEST_HOST = "$(BUILT_PRODUCTS_DIR)/ToDoApp.app/$(BUNDLE_EXECUTABLE_FOLDER_PATH)/ToDoApp";
			};
			name = Debug;
		};
		DB6863D22C81339B00E1F726 /* Release */ = {
			isa = XCBuildConfiguration;
			buildSettings = {
				ALWAYS_EMBED_SWIFT_STANDARD_LIBRARIES = YES;
				BUNDLE_LOADER = "$(TEST_HOST)";
				CODE_SIGN_STYLE = Automatic;
				CURRENT_PROJECT_VERSION = 1;
				DEVELOPMENT_TEAM = F4T4372M48;
				GENERATE_INFOPLIST_FILE = YES;
				IPHONEOS_DEPLOYMENT_TARGET = 17.5;
				MARKETING_VERSION = 1.0;
				PRODUCT_BUNDLE_IDENTIFIER = com.shashank.ToDoAppTests;
				PRODUCT_NAME = "$(TARGET_NAME)";
				SWIFT_EMIT_LOC_STRINGS = NO;
				SWIFT_VERSION = 5.0;
				TARGETED_DEVICE_FAMILY = "1,2";
				TEST_HOST = "$(BUILT_PRODUCTS_DIR)/ToDoApp.app/$(BUNDLE_EXECUTABLE_FOLDER_PATH)/ToDoApp";
			};
			name = Release;
		};
		DB6863D42C81339B00E1F726 /* Debug */ = {
			isa = XCBuildConfiguration;
			buildSettings = {
				ALWAYS_EMBED_SWIFT_STANDARD_LIBRARIES = YES;
				CODE_SIGN_STYLE = Automatic;
				CURRENT_PROJECT_VERSION = 1;
				DEVELOPMENT_TEAM = F4T4372M48;
				GENERATE_INFOPLIST_FILE = YES;
				MARKETING_VERSION = 1.0;
				PRODUCT_BUNDLE_IDENTIFIER = com.shashank.ToDoAppUITests;
				PRODUCT_NAME = "$(TARGET_NAME)";
				SWIFT_EMIT_LOC_STRINGS = NO;
				SWIFT_VERSION = 5.0;
				TARGETED_DEVICE_FAMILY = "1,2";
				TEST_TARGET_NAME = ToDoApp;
			};
			name = Debug;
		};
		DB6863D52C81339B00E1F726 /* Release */ = {
			isa = XCBuildConfiguration;
			buildSettings = {
				ALWAYS_EMBED_SWIFT_STANDARD_LIBRARIES = YES;
				CODE_SIGN_STYLE = Automatic;
				CURRENT_PROJECT_VERSION = 1;
				DEVELOPMENT_TEAM = F4T4372M48;
				GENERATE_INFOPLIST_FILE = YES;
				MARKETING_VERSION = 1.0;
				PRODUCT_BUNDLE_IDENTIFIER = com.shashank.ToDoAppUITests;
				PRODUCT_NAME = "$(TARGET_NAME)";
				SWIFT_EMIT_LOC_STRINGS = NO;
				SWIFT_VERSION = 5.0;
				TARGETED_DEVICE_FAMILY = "1,2";
				TEST_TARGET_NAME = ToDoApp;
			};
			name = Release;
		};
/* End XCBuildConfiguration section */

/* Begin XCConfigurationList section */
		DB68639B2C81339800E1F726 /* Build configuration list for PBXProject "ToDoApp" */ = {
			isa = XCConfigurationList;
			buildConfigurations = (
				DB6863CB2C81339B00E1F726 /* Debug */,
				DB6863CC2C81339B00E1F726 /* Release */,
			);
			defaultConfigurationIsVisible = 0;
			defaultConfigurationName = Release;
		};
		DB6863CD2C81339B00E1F726 /* Build configuration list for PBXNativeTarget "ToDoApp" */ = {
			isa = XCConfigurationList;
			buildConfigurations = (
				DB6863CE2C81339B00E1F726 /* Debug */,
				DB6863CF2C81339B00E1F726 /* Release */,
			);
			defaultConfigurationIsVisible = 0;
			defaultConfigurationName = Release;
		};
		DB6863D02C81339B00E1F726 /* Build configuration list for PBXNativeTarget "ToDoAppTests" */ = {
			isa = XCConfigurationList;
			buildConfigurations = (
				DB6863D12C81339B00E1F726 /* Debug */,
				DB6863D22C81339B00E1F726 /* Release */,
			);
			defaultConfigurationIsVisible = 0;
			defaultConfigurationName = Release;
		};
		DB6863D32C81339B00E1F726 /* Build configuration list for PBXNativeTarget "ToDoAppUITests" */ = {
			isa = XCConfigurationList;
			buildConfigurations = (
				DB6863D42C81339B00E1F726 /* Debug */,
				DB6863D52C81339B00E1F726 /* Release */,
			);
			defaultConfigurationIsVisible = 0;
			defaultConfigurationName = Release;
		};
/* End XCConfigurationList section */

/* Begin XCVersionGroup section */
		DB6863AC2C81339800E1F726 /* ToDoApp.xcdatamodeld */ = {
			isa = XCVersionGroup;
			children = (
				DB6863AD2C81339800E1F726 /* ToDoApp.xcdatamodel */,
			);
			currentVersion = DB6863AD2C81339800E1F726 /* ToDoApp.xcdatamodel */;
			path = ToDoApp.xcdatamodeld;
			sourceTree = "<group>";
			versionGroupType = wrapper.xcdatamodel;
		};
/* End XCVersionGroup section */
	};
	rootObject = DB6863982C81339800E1F726 /* Project object */;
}
